{
  "name": "reverse-string-latest-version",
  "version": "1.0.0",
  "lockfileVersion": 3,
  "requires": true,
  "packages": {
    "": {
      "name": "reverse-string-latest-version",
      "version": "1.0.0",
      "license": "ISC",
      "dependencies": {
        "reverse-string-latest-version": "^1.0.0"
      }
    },
    "node_modules/reverse-string-latest-version": {
      "version": "1.0.0",
      "resolved": "https://registry.npmjs.org/reverse-string-latest-version/-/reverse-string-latest-version-1.0.0.tgz",
      "integrity": "sha512-Dn/VMAfVy/Cv/GWgUXwvb6eQb8Ux62Rx54EwatZgWVGIoXbIJH+mMeAes5XgCUjexlLZh1gW4oWa/VlJTgDSwg=="
    }
  }
}
